
Microsoft Visual Studio Solution File, Format Version 12.00
# Visual Studio 2012
Project("{FAE04EC0-301F-11D3-BF4B-00C04F79EFBC}") = "Ejercicio33LaboratorioUMG", "Ejercicio33LaboratorioUMG\Ejercicio33LaboratorioUMG.csproj", "{E0E41573-7B13-451B-9CC3-52C85612FFC7}"
EndProject
Global
	GlobalSection(SolutionConfigurationPlatforms) = preSolution
		Debug|x86 = Debug|x86
		Release|x86 = Release|x86
	EndGlobalSection
	GlobalSection(ProjectConfigurationPlatforms) = postSolution
		{E0E41573-7B13-451B-9CC3-52C85612FFC7}.Debug|x86.ActiveCfg = Debug|x86
		{E0E41573-7B13-451B-9CC3-52C85612FFC7}.Debug|x86.Build.0 = Debug|x86
		{E0E41573-7B13-451B-9CC3-52C85612FFC7}.Release|x86.ActiveCfg = Release|x86
		{E0E41573-7B13-451B-9CC3-52C85612FFC7}.Release|x86.Build.0 = Release|x86
	EndGlobalSection
EndGlobal
